
Microsoft Visual Studio Solution File, Format Version 12.00
# Visual Studio Version 17
VisualStudioVersion = 17.14.36310.24 d17.14
MinimumVisualStudioVersion = 10.0.40219.1
Project("{FAE04EC0-301F-11D3-BF4B-00C04F79EFBC}") = "Labb4", "Labb4\Labb4.csproj", "{02617242-1F35-41F9-82A1-81A1D5F8EA1A}"
EndProject
Global
	GlobalSection(SolutionConfigurationPlatforms) = preSolution
		Debug|Any CPU = Debug|Any CPU
		Release|Any CPU = Release|Any CPU
	EndGlobalSection
	GlobalSection(ProjectConfigurationPlatforms) = postSolution
		{02617242-1F35-41F9-82A1-81A1D5F8EA1A}.Debug|Any CPU.ActiveCfg = Debug|Any CPU
		{02617242-1F35-41F9-82A1-81A1D5F8EA1A}.Debug|Any CPU.Build.0 = Debug|Any CPU
		{02617242-1F35-41F9-82A1-81A1D5F8EA1A}.Release|Any CPU.ActiveCfg = Release|Any CPU
		{02617242-1F35-41F9-82A1-81A1D5F8EA1A}.Release|Any CPU.Build.0 = Release|Any CPU
	EndGlobalSection
	GlobalSection(SolutionProperties) = preSolution
		HideSolutionNode = FALSE
	EndGlobalSection
	GlobalSection(ExtensibilityGlobals) = postSolution
		SolutionGuid = {E5C7E483-B484-4937-B969-8C0E3A7CC18B}
	EndGlobalSection
EndGlobal
